
Microsoft Visual Studio Solution File, Format Version 12.00
# Visual Studio 15
VisualStudioVersion = 15.0.27703.2000
MinimumVisualStudioVersion = 10.0.40219.1
Project("{FAE04EC0-301F-11D3-BF4B-00C04F79EFBC}") = "masodfoku_egyenlet_megoldasa", "masodfoku_egyenlet_megoldasa\masodfoku_egyenlet_megoldasa.csproj", "{0A6A1CBB-01A7-4EF1-8790-E3EEE549246E}"
EndProject
Global
	GlobalSection(SolutionConfigurationPlatforms) = preSolution
		Debug|Any CPU = Debug|Any CPU
		Release|Any CPU = Release|Any CPU
	EndGlobalSection
	GlobalSection(ProjectConfigurationPlatforms) = postSolution
		{0A6A1CBB-01A7-4EF1-8790-E3EEE549246E}.Debug|Any CPU.ActiveCfg = Debug|Any CPU
		{0A6A1CBB-01A7-4EF1-8790-E3EEE549246E}.Debug|Any CPU.Build.0 = Debug|Any CPU
		{0A6A1CBB-01A7-4EF1-8790-E3EEE549246E}.Release|Any CPU.ActiveCfg = Release|Any CPU
		{0A6A1CBB-01A7-4EF1-8790-E3EEE549246E}.Release|Any CPU.Build.0 = Release|Any CPU
	EndGlobalSection
	GlobalSection(SolutionProperties) = preSolution
		HideSolutionNode = FALSE
	EndGlobalSection
	GlobalSection(ExtensibilityGlobals) = postSolution
		SolutionGuid = {0B156EEB-8541-4C0D-A6D2-216470D9C147}
	EndGlobalSection
EndGlobal
