
Microsoft Visual Studio Solution File, Format Version 12.00
# Visual Studio 15
VisualStudioVersion = 15.0.28010.2050
MinimumVisualStudioVersion = 10.0.40219.1
Project("{FAE04EC0-301F-11D3-BF4B-00C04F79EFBC}") = "modulzaro_gyakorlas_iskola", "modulzaro_gyakorlas_iskola\modulzaro_gyakorlas_iskola.csproj", "{28A19F63-2F97-4912-8D18-CFA7E232B6D3}"
EndProject
Project("{FAE04EC0-301F-11D3-BF4B-00C04F79EFBC}") = "modulzaro_gyakorlas_iskolaTests", "modulzaro_gyakorlas_iskolaTests\modulzaro_gyakorlas_iskolaTests.csproj", "{D9BDA34E-C96A-4CF8-9B85-8C30375C5212}"
EndProject
Global
	GlobalSection(SolutionConfigurationPlatforms) = preSolution
		Debug|Any CPU = Debug|Any CPU
		Release|Any CPU = Release|Any CPU
	EndGlobalSection
	GlobalSection(ProjectConfigurationPlatforms) = postSolution
		{28A19F63-2F97-4912-8D18-CFA7E232B6D3}.Debug|Any CPU.ActiveCfg = Debug|Any CPU
		{28A19F63-2F97-4912-8D18-CFA7E232B6D3}.Debug|Any CPU.Build.0 = Debug|Any CPU
		{28A19F63-2F97-4912-8D18-CFA7E232B6D3}.Release|Any CPU.ActiveCfg = Release|Any CPU
		{28A19F63-2F97-4912-8D18-CFA7E232B6D3}.Release|Any CPU.Build.0 = Release|Any CPU
		{D9BDA34E-C96A-4CF8-9B85-8C30375C5212}.Debug|Any CPU.ActiveCfg = Debug|Any CPU
		{D9BDA34E-C96A-4CF8-9B85-8C30375C5212}.Debug|Any CPU.Build.0 = Debug|Any CPU
		{D9BDA34E-C96A-4CF8-9B85-8C30375C5212}.Release|Any CPU.ActiveCfg = Release|Any CPU
		{D9BDA34E-C96A-4CF8-9B85-8C30375C5212}.Release|Any CPU.Build.0 = Release|Any CPU
	EndGlobalSection
	GlobalSection(SolutionProperties) = preSolution
		HideSolutionNode = FALSE
	EndGlobalSection
	GlobalSection(ExtensibilityGlobals) = postSolution
		SolutionGuid = {D8154E29-B7CA-4B7E-BACE-ED4729F93F37}
	EndGlobalSection
EndGlobal
