
Microsoft Visual Studio Solution File, Format Version 12.00
# Visual Studio 15
VisualStudioVersion = 15.0.27703.2000
MinimumVisualStudioVersion = 10.0.40219.1
Project("{FAE04EC0-301F-11D3-BF4B-00C04F79EFBC}") = "matematikai_fuggvenyek", "matematikai_fuggvenyek\matematikai_fuggvenyek.csproj", "{0B04C05D-F586-4934-BD98-23295E0C343F}"
EndProject
Global
	GlobalSection(SolutionConfigurationPlatforms) = preSolution
		Debug|Any CPU = Debug|Any CPU
		Release|Any CPU = Release|Any CPU
	EndGlobalSection
	GlobalSection(ProjectConfigurationPlatforms) = postSolution
		{0B04C05D-F586-4934-BD98-23295E0C343F}.Debug|Any CPU.ActiveCfg = Debug|Any CPU
		{0B04C05D-F586-4934-BD98-23295E0C343F}.Debug|Any CPU.Build.0 = Debug|Any CPU
		{0B04C05D-F586-4934-BD98-23295E0C343F}.Release|Any CPU.ActiveCfg = Release|Any CPU
		{0B04C05D-F586-4934-BD98-23295E0C343F}.Release|Any CPU.Build.0 = Release|Any CPU
	EndGlobalSection
	GlobalSection(SolutionProperties) = preSolution
		HideSolutionNode = FALSE
	EndGlobalSection
	GlobalSection(ExtensibilityGlobals) = postSolution
		SolutionGuid = {3235BBC2-F5CF-4261-B583-22C5C17E0EF9}
	EndGlobalSection
EndGlobal
