
Microsoft Visual Studio Solution File, Format Version 12.00
# Visual Studio 15
VisualStudioVersion = 15.0.27703.2000
MinimumVisualStudioVersion = 10.0.40219.1
Project("{FAE04EC0-301F-11D3-BF4B-00C04F79EFBC}") = "kor_terulete_es_kerulete_alprogramokkal", "kor_terulete_es_kerulete_alprogramokkal\kor_terulete_es_kerulete_alprogramokkal.csproj", "{C58CBB77-B764-4C65-9C06-6268C4ABB970}"
EndProject
Global
	GlobalSection(SolutionConfigurationPlatforms) = preSolution
		Debug|Any CPU = Debug|Any CPU
		Release|Any CPU = Release|Any CPU
	EndGlobalSection
	GlobalSection(ProjectConfigurationPlatforms) = postSolution
		{C58CBB77-B764-4C65-9C06-6268C4ABB970}.Debug|Any CPU.ActiveCfg = Debug|Any CPU
		{C58CBB77-B764-4C65-9C06-6268C4ABB970}.Debug|Any CPU.Build.0 = Debug|Any CPU
		{C58CBB77-B764-4C65-9C06-6268C4ABB970}.Release|Any CPU.ActiveCfg = Release|Any CPU
		{C58CBB77-B764-4C65-9C06-6268C4ABB970}.Release|Any CPU.Build.0 = Release|Any CPU
	EndGlobalSection
	GlobalSection(SolutionProperties) = preSolution
		HideSolutionNode = FALSE
	EndGlobalSection
	GlobalSection(ExtensibilityGlobals) = postSolution
		SolutionGuid = {BA104618-286A-4D7A-BB8C-F72872C2D5E4}
	EndGlobalSection
EndGlobal
