
Microsoft Visual Studio Solution File, Format Version 12.00
# Visual Studio 15
VisualStudioVersion = 15.0.27004.2002
MinimumVisualStudioVersion = 10.0.40219.1
Project("{FAE04EC0-301F-11D3-BF4B-00C04F79EFBC}") = "GUI", "kulon_fajl_osztaly\GUI.csproj", "{2F3051F3-7F6A-4006-8BA7-B814810B2A9A}"
EndProject
Project("{FAE04EC0-301F-11D3-BF4B-00C04F79EFBC}") = "BL_szamitasok", "BL_szamitasok\BL_szamitasok.csproj", "{8971068E-E17B-4196-8846-FE48781395B8}"
EndProject
Global
	GlobalSection(SolutionConfigurationPlatforms) = preSolution
		Debug|Any CPU = Debug|Any CPU
		Release|Any CPU = Release|Any CPU
	EndGlobalSection
	GlobalSection(ProjectConfigurationPlatforms) = postSolution
		{2F3051F3-7F6A-4006-8BA7-B814810B2A9A}.Debug|Any CPU.ActiveCfg = Debug|Any CPU
		{2F3051F3-7F6A-4006-8BA7-B814810B2A9A}.Debug|Any CPU.Build.0 = Debug|Any CPU
		{2F3051F3-7F6A-4006-8BA7-B814810B2A9A}.Release|Any CPU.ActiveCfg = Release|Any CPU
		{2F3051F3-7F6A-4006-8BA7-B814810B2A9A}.Release|Any CPU.Build.0 = Release|Any CPU
		{8971068E-E17B-4196-8846-FE48781395B8}.Debug|Any CPU.ActiveCfg = Debug|Any CPU
		{8971068E-E17B-4196-8846-FE48781395B8}.Debug|Any CPU.Build.0 = Debug|Any CPU
		{8971068E-E17B-4196-8846-FE48781395B8}.Release|Any CPU.ActiveCfg = Release|Any CPU
		{8971068E-E17B-4196-8846-FE48781395B8}.Release|Any CPU.Build.0 = Release|Any CPU
	EndGlobalSection
	GlobalSection(SolutionProperties) = preSolution
		HideSolutionNode = FALSE
	EndGlobalSection
	GlobalSection(ExtensibilityGlobals) = postSolution
		SolutionGuid = {69C5B35A-87E0-44BD-BBC5-1C559C10BB8A}
	EndGlobalSection
EndGlobal
