
Microsoft Visual Studio Solution File, Format Version 12.00
# Visual Studio 15
VisualStudioVersion = 15.0.27004.2002
MinimumVisualStudioVersion = 10.0.40219.1
Project("{FAE04EC0-301F-11D3-BF4B-00C04F79EFBC}") = "oop_db_kezeles", "oop_db_kezeles\oop_db_kezeles.csproj", "{4278B3D4-D1F3-4637-A44B-534602AB63F1}"
EndProject
Project("{FAE04EC0-301F-11D3-BF4B-00C04F79EFBC}") = "oop_db_kezelesTests", "oop_db_kezelesTests\oop_db_kezelesTests.csproj", "{3A3DAAB5-A7A0-47DF-A949-F76E2BB603A6}"
EndProject
Global
	GlobalSection(SolutionConfigurationPlatforms) = preSolution
		Debug|Any CPU = Debug|Any CPU
		Release|Any CPU = Release|Any CPU
	EndGlobalSection
	GlobalSection(ProjectConfigurationPlatforms) = postSolution
		{4278B3D4-D1F3-4637-A44B-534602AB63F1}.Debug|Any CPU.ActiveCfg = Debug|Any CPU
		{4278B3D4-D1F3-4637-A44B-534602AB63F1}.Debug|Any CPU.Build.0 = Debug|Any CPU
		{4278B3D4-D1F3-4637-A44B-534602AB63F1}.Release|Any CPU.ActiveCfg = Release|Any CPU
		{4278B3D4-D1F3-4637-A44B-534602AB63F1}.Release|Any CPU.Build.0 = Release|Any CPU
		{3A3DAAB5-A7A0-47DF-A949-F76E2BB603A6}.Debug|Any CPU.ActiveCfg = Debug|Any CPU
		{3A3DAAB5-A7A0-47DF-A949-F76E2BB603A6}.Debug|Any CPU.Build.0 = Debug|Any CPU
		{3A3DAAB5-A7A0-47DF-A949-F76E2BB603A6}.Release|Any CPU.ActiveCfg = Release|Any CPU
		{3A3DAAB5-A7A0-47DF-A949-F76E2BB603A6}.Release|Any CPU.Build.0 = Release|Any CPU
	EndGlobalSection
	GlobalSection(SolutionProperties) = preSolution
		HideSolutionNode = FALSE
	EndGlobalSection
	GlobalSection(ExtensibilityGlobals) = postSolution
		SolutionGuid = {D8988036-6541-485D-A01F-FD0EE4FE1353}
	EndGlobalSection
EndGlobal
