
Microsoft Visual Studio Solution File, Format Version 12.00
# Visual Studio 15
VisualStudioVersion = 15.0.27703.2000
MinimumVisualStudioVersion = 10.0.40219.1
Project("{FAE04EC0-301F-11D3-BF4B-00C04F79EFBC}") = "oop_kor", "oop_kor\oop_kor.csproj", "{628B6D2F-00DE-419C-B5A4-8C2D060EB02B}"
EndProject
Global
	GlobalSection(SolutionConfigurationPlatforms) = preSolution
		Debug|Any CPU = Debug|Any CPU
		Release|Any CPU = Release|Any CPU
	EndGlobalSection
	GlobalSection(ProjectConfigurationPlatforms) = postSolution
		{628B6D2F-00DE-419C-B5A4-8C2D060EB02B}.Debug|Any CPU.ActiveCfg = Debug|Any CPU
		{628B6D2F-00DE-419C-B5A4-8C2D060EB02B}.Debug|Any CPU.Build.0 = Debug|Any CPU
		{628B6D2F-00DE-419C-B5A4-8C2D060EB02B}.Release|Any CPU.ActiveCfg = Release|Any CPU
		{628B6D2F-00DE-419C-B5A4-8C2D060EB02B}.Release|Any CPU.Build.0 = Release|Any CPU
	EndGlobalSection
	GlobalSection(SolutionProperties) = preSolution
		HideSolutionNode = FALSE
	EndGlobalSection
	GlobalSection(ExtensibilityGlobals) = postSolution
		SolutionGuid = {57A0C0F0-312A-4C75-B3D8-D47D18031594}
	EndGlobalSection
EndGlobal
