
Microsoft Visual Studio Solution File, Format Version 12.00
# Visual Studio 15
VisualStudioVersion = 15.0.27004.2002
MinimumVisualStudioVersion = 10.0.40219.1
Project("{FAE04EC0-301F-11D3-BF4B-00C04F79EFBC}") = "panelek", "panelek\panelek.csproj", "{8F8AD0EA-EC2B-4D03-B379-9E9AD7727896}"
EndProject
Global
	GlobalSection(SolutionConfigurationPlatforms) = preSolution
		Debug|Any CPU = Debug|Any CPU
		Release|Any CPU = Release|Any CPU
	EndGlobalSection
	GlobalSection(ProjectConfigurationPlatforms) = postSolution
		{8F8AD0EA-EC2B-4D03-B379-9E9AD7727896}.Debug|Any CPU.ActiveCfg = Debug|Any CPU
		{8F8AD0EA-EC2B-4D03-B379-9E9AD7727896}.Debug|Any CPU.Build.0 = Debug|Any CPU
		{8F8AD0EA-EC2B-4D03-B379-9E9AD7727896}.Release|Any CPU.ActiveCfg = Release|Any CPU
		{8F8AD0EA-EC2B-4D03-B379-9E9AD7727896}.Release|Any CPU.Build.0 = Release|Any CPU
	EndGlobalSection
	GlobalSection(SolutionProperties) = preSolution
		HideSolutionNode = FALSE
	EndGlobalSection
	GlobalSection(ExtensibilityGlobals) = postSolution
		SolutionGuid = {95C0A6A8-A19E-4510-B9C8-98C77A33737B}
	EndGlobalSection
EndGlobal
