
Microsoft Visual Studio Solution File, Format Version 12.00
# Visual Studio 14
VisualStudioVersion = 14.0.25420.1
MinimumVisualStudioVersion = 10.0.40219.1
Project("{FAE04EC0-301F-11D3-BF4B-00C04F79EFBC}") = "ablak2", "ablak2\ablak2.csproj", "{02B4C4BD-81E9-4F4B-8682-B5C957EED09D}"
EndProject
Global
	GlobalSection(SolutionConfigurationPlatforms) = preSolution
		Debug|Any CPU = Debug|Any CPU
		Release|Any CPU = Release|Any CPU
	EndGlobalSection
	GlobalSection(ProjectConfigurationPlatforms) = postSolution
		{02B4C4BD-81E9-4F4B-8682-B5C957EED09D}.Debug|Any CPU.ActiveCfg = Debug|Any CPU
		{02B4C4BD-81E9-4F4B-8682-B5C957EED09D}.Debug|Any CPU.Build.0 = Debug|Any CPU
		{02B4C4BD-81E9-4F4B-8682-B5C957EED09D}.Release|Any CPU.ActiveCfg = Release|Any CPU
		{02B4C4BD-81E9-4F4B-8682-B5C957EED09D}.Release|Any CPU.Build.0 = Release|Any CPU
	EndGlobalSection
	GlobalSection(SolutionProperties) = preSolution
		HideSolutionNode = FALSE
	EndGlobalSection
EndGlobal
