
Microsoft Visual Studio Solution File, Format Version 12.00
# Visual Studio 15
VisualStudioVersion = 15.0.27004.2002
MinimumVisualStudioVersion = 10.0.40219.1
Project("{FAE04EC0-301F-11D3-BF4B-00C04F79EFBC}") = "scrollbar", "scrollbar\scrollbar.csproj", "{86B59716-DB44-4D70-BABD-53CDCD86A5FC}"
EndProject
Global
	GlobalSection(SolutionConfigurationPlatforms) = preSolution
		Debug|Any CPU = Debug|Any CPU
		Release|Any CPU = Release|Any CPU
	EndGlobalSection
	GlobalSection(ProjectConfigurationPlatforms) = postSolution
		{86B59716-DB44-4D70-BABD-53CDCD86A5FC}.Debug|Any CPU.ActiveCfg = Debug|Any CPU
		{86B59716-DB44-4D70-BABD-53CDCD86A5FC}.Debug|Any CPU.Build.0 = Debug|Any CPU
		{86B59716-DB44-4D70-BABD-53CDCD86A5FC}.Release|Any CPU.ActiveCfg = Release|Any CPU
		{86B59716-DB44-4D70-BABD-53CDCD86A5FC}.Release|Any CPU.Build.0 = Release|Any CPU
	EndGlobalSection
	GlobalSection(SolutionProperties) = preSolution
		HideSolutionNode = FALSE
	EndGlobalSection
	GlobalSection(ExtensibilityGlobals) = postSolution
		SolutionGuid = {CF0A8742-2571-44E4-97E7-CA4AFE15663B}
	EndGlobalSection
EndGlobal
