
Microsoft Visual Studio Solution File, Format Version 12.00
# Visual Studio 15
VisualStudioVersion = 15.0.27004.2002
MinimumVisualStudioVersion = 10.0.40219.1
Project("{FAE04EC0-301F-11D3-BF4B-00C04F79EFBC}") = "konyv_adatbazis_grafikusan", "konyv_adatbazis_grafikusan\konyv_adatbazis_grafikusan.csproj", "{FA66FDE2-56F8-4876-BAF3-A8595EAEE42D}"
EndProject
Global
	GlobalSection(SolutionConfigurationPlatforms) = preSolution
		Debug|Any CPU = Debug|Any CPU
		Release|Any CPU = Release|Any CPU
	EndGlobalSection
	GlobalSection(ProjectConfigurationPlatforms) = postSolution
		{FA66FDE2-56F8-4876-BAF3-A8595EAEE42D}.Debug|Any CPU.ActiveCfg = Debug|Any CPU
		{FA66FDE2-56F8-4876-BAF3-A8595EAEE42D}.Debug|Any CPU.Build.0 = Debug|Any CPU
		{FA66FDE2-56F8-4876-BAF3-A8595EAEE42D}.Release|Any CPU.ActiveCfg = Release|Any CPU
		{FA66FDE2-56F8-4876-BAF3-A8595EAEE42D}.Release|Any CPU.Build.0 = Release|Any CPU
	EndGlobalSection
	GlobalSection(SolutionProperties) = preSolution
		HideSolutionNode = FALSE
	EndGlobalSection
	GlobalSection(ExtensibilityGlobals) = postSolution
		SolutionGuid = {A58028DF-E40C-493F-BF6D-9450783E20DD}
	EndGlobalSection
EndGlobal
