
Microsoft Visual Studio Solution File, Format Version 12.00
# Visual Studio 15
VisualStudioVersion = 15.0.27004.2002
MinimumVisualStudioVersion = 10.0.40219.1
Project("{FAE04EC0-301F-11D3-BF4B-00C04F79EFBC}") = "adatbazis_grafikusan_maskepp", "adatbazis_grafikusan_maskepp\adatbazis_grafikusan_maskepp.csproj", "{CE705C86-DEFE-4E46-B10E-DCD9FE98C920}"
EndProject
Global
	GlobalSection(SolutionConfigurationPlatforms) = preSolution
		Debug|Any CPU = Debug|Any CPU
		Release|Any CPU = Release|Any CPU
	EndGlobalSection
	GlobalSection(ProjectConfigurationPlatforms) = postSolution
		{CE705C86-DEFE-4E46-B10E-DCD9FE98C920}.Debug|Any CPU.ActiveCfg = Debug|Any CPU
		{CE705C86-DEFE-4E46-B10E-DCD9FE98C920}.Debug|Any CPU.Build.0 = Debug|Any CPU
		{CE705C86-DEFE-4E46-B10E-DCD9FE98C920}.Release|Any CPU.ActiveCfg = Release|Any CPU
		{CE705C86-DEFE-4E46-B10E-DCD9FE98C920}.Release|Any CPU.Build.0 = Release|Any CPU
	EndGlobalSection
	GlobalSection(SolutionProperties) = preSolution
		HideSolutionNode = FALSE
	EndGlobalSection
	GlobalSection(ExtensibilityGlobals) = postSolution
		SolutionGuid = {4FE6AB7F-539D-4785-AF38-1CAA635AD8AB}
	EndGlobalSection
EndGlobal
