
Microsoft Visual Studio Solution File, Format Version 12.00
# Visual Studio 15
VisualStudioVersion = 15.0.27004.2002
MinimumVisualStudioVersion = 10.0.40219.1
Project("{FAE04EC0-301F-11D3-BF4B-00C04F79EFBC}") = "form_kor_kerulete_terulete", "form_kor_kerulete_terulete\form_kor_kerulete_terulete.csproj", "{C480AB9C-A63B-48E0-8495-7EE14553E343}"
EndProject
Global
	GlobalSection(SolutionConfigurationPlatforms) = preSolution
		Debug|Any CPU = Debug|Any CPU
		Release|Any CPU = Release|Any CPU
	EndGlobalSection
	GlobalSection(ProjectConfigurationPlatforms) = postSolution
		{C480AB9C-A63B-48E0-8495-7EE14553E343}.Debug|Any CPU.ActiveCfg = Debug|Any CPU
		{C480AB9C-A63B-48E0-8495-7EE14553E343}.Debug|Any CPU.Build.0 = Debug|Any CPU
		{C480AB9C-A63B-48E0-8495-7EE14553E343}.Release|Any CPU.ActiveCfg = Release|Any CPU
		{C480AB9C-A63B-48E0-8495-7EE14553E343}.Release|Any CPU.Build.0 = Release|Any CPU
	EndGlobalSection
	GlobalSection(SolutionProperties) = preSolution
		HideSolutionNode = FALSE
	EndGlobalSection
	GlobalSection(ExtensibilityGlobals) = postSolution
		SolutionGuid = {CD0EB509-9D5F-4839-862D-7C557627E45F}
	EndGlobalSection
EndGlobal
