
Microsoft Visual Studio Solution File, Format Version 12.00
# Visual Studio 15
VisualStudioVersion = 15.0.27004.2002
MinimumVisualStudioVersion = 10.0.40219.1
Project("{FAE04EC0-301F-11D3-BF4B-00C04F79EFBC}") = "form_legordulo_lista", "form_legordulo_lista\form_legordulo_lista.csproj", "{85DFACBC-B2F1-49BB-AD6E-31E953E406F7}"
EndProject
Global
	GlobalSection(SolutionConfigurationPlatforms) = preSolution
		Debug|Any CPU = Debug|Any CPU
		Release|Any CPU = Release|Any CPU
	EndGlobalSection
	GlobalSection(ProjectConfigurationPlatforms) = postSolution
		{85DFACBC-B2F1-49BB-AD6E-31E953E406F7}.Debug|Any CPU.ActiveCfg = Debug|Any CPU
		{85DFACBC-B2F1-49BB-AD6E-31E953E406F7}.Debug|Any CPU.Build.0 = Debug|Any CPU
		{85DFACBC-B2F1-49BB-AD6E-31E953E406F7}.Release|Any CPU.ActiveCfg = Release|Any CPU
		{85DFACBC-B2F1-49BB-AD6E-31E953E406F7}.Release|Any CPU.Build.0 = Release|Any CPU
	EndGlobalSection
	GlobalSection(SolutionProperties) = preSolution
		HideSolutionNode = FALSE
	EndGlobalSection
	GlobalSection(ExtensibilityGlobals) = postSolution
		SolutionGuid = {6855AB5D-680A-485E-9EED-A3BD76A46AC7}
	EndGlobalSection
EndGlobal
